
Microsoft Visual Studio Solution File, Format Version 12.00
# Visual Studio Version 16
VisualStudioVersion = 16.0.29911.84
MinimumVisualStudioVersion = 10.0.40219.1
Project("{FAE04EC0-301F-11D3-BF4B-00C04F79EFBC}") = "RaspenGames", "RaspenGames\RaspenGames.csproj", "{50968D55-092F-477A-A4E2-B72F595CB5E3}"
EndProject
Project("{FAE04EC0-301F-11D3-BF4B-00C04F79EFBC}") = "UnitTestProject1", "UnitTestProject1\UnitTestProject1.csproj", "{638B17A0-BF09-43B1-9780-2E3A8495C511}"
EndProject
Global
	GlobalSection(SolutionConfigurationPlatforms) = preSolution
		Debug|Any CPU = Debug|Any CPU
		Release|Any CPU = Release|Any CPU
	EndGlobalSection
	GlobalSection(ProjectConfigurationPlatforms) = postSolution
		{50968D55-092F-477A-A4E2-B72F595CB5E3}.Debug|Any CPU.ActiveCfg = Debug|Any CPU
		{50968D55-092F-477A-A4E2-B72F595CB5E3}.Debug|Any CPU.Build.0 = Debug|Any CPU
		{50968D55-092F-477A-A4E2-B72F595CB5E3}.Release|Any CPU.ActiveCfg = Release|Any CPU
		{50968D55-092F-477A-A4E2-B72F595CB5E3}.Release|Any CPU.Build.0 = Release|Any CPU
		{638B17A0-BF09-43B1-9780-2E3A8495C511}.Debug|Any CPU.ActiveCfg = Debug|Any CPU
		{638B17A0-BF09-43B1-9780-2E3A8495C511}.Debug|Any CPU.Build.0 = Debug|Any CPU
		{638B17A0-BF09-43B1-9780-2E3A8495C511}.Release|Any CPU.ActiveCfg = Release|Any CPU
		{638B17A0-BF09-43B1-9780-2E3A8495C511}.Release|Any CPU.Build.0 = Release|Any CPU
	EndGlobalSection
	GlobalSection(SolutionProperties) = preSolution
		HideSolutionNode = FALSE
	EndGlobalSection
	GlobalSection(ExtensibilityGlobals) = postSolution
		SolutionGuid = {77AC90A8-8229-440A-A664-D85FE187933C}
	EndGlobalSection
EndGlobal
